{
    "_readme": [
        "This file locks the dependencies of your project to a known state",
        "Read more about it at https://getcomposer.org/doc/01-basic-usage.md#installing-dependencies",
        "This file is @generated automatically"
    ],
    "content-hash": "070b59ddb459fff733f9737bc52d2ebf",
    "packages": [
        {
            "name": "betsolutions/casino-sdk",
            "version": "v1.1.1",
            "source": {
                "type": "git",
                "url": "https://github.com/betsolutions-llc/betsolutions-casino-PHP-SDK.git",
                "reference": "3bd4a3cd5d07058c59cd805bf7078985b28e5231"
            },
            "dist": {
                "type": "zip",
                "url": "https://api.github.com/repos/betsolutions-llc/betsolutions-casino-PHP-SDK/zipball/3bd4a3cd5d07058c59cd805bf7078985b28e5231",
                "reference": "3bd4a3cd5d07058c59cd805bf7078985b28e5231",
                "shasum": ""
            },
            "require": {
                "ext-json": "*",
                "myclabs/php-enum": "^1.7",
                "nategood/httpful": "*",
                "netresearch/jsonmapper": "*",
                "php": ">=7.3.0"
            },
            "type": "library",
            "autoload": {
                "psr-4": {
                    "Betsolutions\\Casino\\SDK\\": "src/"
                }
            },
            "notification-url": "https://packagist.org/downloads/",
            "authors": [
                {
                    "name": "tamaz bagdavadze",
                    "email": "t.bagdavadze@betsolutions.com"
                }
            ],
            "description": "Betsolutions casino SDK",
            "time": "2019-07-28T12:37:44+00:00"
        },
        {
            "name": "myclabs/php-enum",
            "version": "1.7.1",
            "source": {
                "type": "git",
                "url": "https://github.com/myclabs/php-enum.git",
                "reference": "f46847626b8739de22e4ebc6b56010f317d4448d"
            },
            "dist": {
                "type": "zip",
                "url": "https://api.github.com/repos/myclabs/php-enum/zipball/f46847626b8739de22e4ebc6b56010f317d4448d",
                "reference": "f46847626b8739de22e4ebc6b56010f317d4448d",
                "shasum": ""
            },
            "require": {
                "ext-json": "*",
                "php": ">=7.1"
            },
            "require-dev": {
                "phpunit/phpunit": "^4.8.35|^5.7|^6.0",
                "squizlabs/php_codesniffer": "1.*"
            },
            "type": "library",
            "autoload": {
                "psr-4": {
                    "MyCLabs\\Enum\\": "src/"
                }
            },
            "notification-url": "https://packagist.org/downloads/",
            "license": [
                "MIT"
            ],
            "authors": [
                {
                    "name": "PHP Enum contributors",
                    "homepage": "https://github.com/myclabs/php-enum/graphs/contributors"
                }
            ],
            "description": "PHP Enum implementation",
            "homepage": "http://github.com/myclabs/php-enum",
            "keywords": [
                "enum"
            ],
            "time": "2019-05-05T10:12:03+00:00"
        },
        {
            "name": "nategood/httpful",
            "version": "0.2.20",
            "source": {
                "type": "git",
                "url": "https://github.com/nategood/httpful.git",
                "reference": "c1cd4d46a4b281229032cf39d4dd852f9887c0f6"
            },
            "dist": {
                "type": "zip",
                "url": "https://api.github.com/repos/nategood/httpful/zipball/c1cd4d46a4b281229032cf39d4dd852f9887c0f6",
                "reference": "c1cd4d46a4b281229032cf39d4dd852f9887c0f6",
                "shasum": ""
            },
            "require": {
                "ext-curl": "*",
                "php": ">=5.3"
            },
            "require-dev": {
                "phpunit/phpunit": "*"
            },
            "type": "library",
            "autoload": {
                "psr-0": {
                    "Httpful": "src/"
                }
            },
            "notification-url": "https://packagist.org/downloads/",
            "license": [
                "MIT"
            ],
            "authors": [
                {
                    "name": "Nate Good",
                    "email": "me@nategood.com",
                    "homepage": "http://nategood.com"
                }
            ],
            "description": "A Readable, Chainable, REST friendly, PHP HTTP Client",
            "homepage": "http://github.com/nategood/httpful",
            "keywords": [
                "api",
                "curl",
                "http",
                "requests",
                "rest",
                "restful"
            ],
            "time": "2015-10-26T16:11:30+00:00"
        },
        {
            "name": "netresearch/jsonmapper",
            "version": "v1.5.2",
            "source": {
                "type": "git",
                "url": "https://github.com/cweiske/jsonmapper.git",
                "reference": "caf41ab74ac7252f5f46db6c16ab0a8358e2e55c"
            },
            "dist": {
                "type": "zip",
                "url": "https://api.github.com/repos/cweiske/jsonmapper/zipball/caf41ab74ac7252f5f46db6c16ab0a8358e2e55c",
                "reference": "caf41ab74ac7252f5f46db6c16ab0a8358e2e55c",
                "shasum": ""
            },
            "require": {
                "php": ">=5.6"
            },
            "require-dev": {
                "phpunit/phpunit": "~4.8.35 || ~5.7 || ~6.4",
                "squizlabs/php_codesniffer": "~1.5"
            },
            "type": "library",
            "autoload": {
                "psr-0": {
                    "JsonMapper": "src/"
                }
            },
            "notification-url": "https://packagist.org/downloads/",
            "license": [
                "OSL-3.0"
            ],
            "authors": [
                {
                    "name": "Christian Weiske",
                    "role": "Developer",
                    "email": "cweiske@cweiske.de",
                    "homepage": "http://github.com/cweiske/jsonmapper/"
                }
            ],
            "description": "Map nested JSON structures onto PHP classes",
            "time": "2019-08-04T19:56:28+00:00"
        }
    ],
    "packages-dev": [],
    "aliases": [],
    "minimum-stability": "stable",
    "stability-flags": [],
    "prefer-stable": false,
    "prefer-lowest": false,
    "platform": [],
    "platform-dev": []
}
